
Microsoft Visual Studio Solution File, Format Version 12.00
# Visual Studio 16
Project("{FAE04EC0-301F-11D3-BF4B-00C04F79EFBC}") = "Assembly-CSharp", "Assembly-CSharp.csproj", "{08073AB3-1CCC-5453-4CD2-1F2721510567}"
EndProject
Global
	GlobalSection(SolutionConfigurationPlatforms) = preSolution
		Debug|Any CPU = Debug|Any CPU
		Release|Any CPU = Release|Any CPU
	EndGlobalSection
	GlobalSection(ProjectConfigurationPlatforms) = postSolution
		{08073AB3-1CCC-5453-4CD2-1F2721510567}.Debug|Any CPU.ActiveCfg = Debug|Any CPU
		{08073AB3-1CCC-5453-4CD2-1F2721510567}.Debug|Any CPU.Build.0 = Debug|Any CPU
		{08073AB3-1CCC-5453-4CD2-1F2721510567}.Release|Any CPU.ActiveCfg = Release|Any CPU
		{08073AB3-1CCC-5453-4CD2-1F2721510567}.Release|Any CPU.Build.0 = Release|Any CPU
	EndGlobalSection
	GlobalSection(SolutionProperties) = preSolution
		HideSolutionNode = FALSE
	EndGlobalSection
EndGlobal
